
Microsoft Visual Studio Solution File, Format Version 12.00
# Visual Studio Version 17
VisualStudioVersion = 17.2.32616.157
MinimumVisualStudioVersion = 10.0.40219.1
Project("{FAE04EC0-301F-11D3-BF4B-00C04F79EFBC}") = "Aplicativo_NET_Framawork_13", "Aplicativo_NET_Framawork_13\Aplicativo_NET_Framawork_13.csproj", "{294E7BA4-5678-4364-9AA6-CA53A59C760F}"
EndProject
Global
	GlobalSection(SolutionConfigurationPlatforms) = preSolution
		Debug|Any CPU = Debug|Any CPU
		Release|Any CPU = Release|Any CPU
	EndGlobalSection
	GlobalSection(ProjectConfigurationPlatforms) = postSolution
		{294E7BA4-5678-4364-9AA6-CA53A59C760F}.Debug|Any CPU.ActiveCfg = Debug|Any CPU
		{294E7BA4-5678-4364-9AA6-CA53A59C760F}.Debug|Any CPU.Build.0 = Debug|Any CPU
		{294E7BA4-5678-4364-9AA6-CA53A59C760F}.Release|Any CPU.ActiveCfg = Release|Any CPU
		{294E7BA4-5678-4364-9AA6-CA53A59C760F}.Release|Any CPU.Build.0 = Release|Any CPU
	EndGlobalSection
	GlobalSection(SolutionProperties) = preSolution
		HideSolutionNode = FALSE
	EndGlobalSection
	GlobalSection(ExtensibilityGlobals) = postSolution
		SolutionGuid = {BB838099-1430-45B1-BF3A-89A1D57B9347}
	EndGlobalSection
EndGlobal
